
Microsoft Visual Studio Solution File, Format Version 12.00
# Visual Studio Version 17
VisualStudioVersion = 17.2.32616.157
MinimumVisualStudioVersion = 10.0.40219.1
Project("{FAE04EC0-301F-11D3-BF4B-00C04F79EFBC}") = "Estudiantes", "Estudiantes\Estudiantes.csproj", "{A56BEE45-CF2C-425A-93DE-423BDE3BA009}"
EndProject
Global
	GlobalSection(SolutionConfigurationPlatforms) = preSolution
		Debug|Any CPU = Debug|Any CPU
		Release|Any CPU = Release|Any CPU
	EndGlobalSection
	GlobalSection(ProjectConfigurationPlatforms) = postSolution
		{A56BEE45-CF2C-425A-93DE-423BDE3BA009}.Debug|Any CPU.ActiveCfg = Debug|Any CPU
		{A56BEE45-CF2C-425A-93DE-423BDE3BA009}.Debug|Any CPU.Build.0 = Debug|Any CPU
		{A56BEE45-CF2C-425A-93DE-423BDE3BA009}.Release|Any CPU.ActiveCfg = Release|Any CPU
		{A56BEE45-CF2C-425A-93DE-423BDE3BA009}.Release|Any CPU.Build.0 = Release|Any CPU
	EndGlobalSection
	GlobalSection(SolutionProperties) = preSolution
		HideSolutionNode = FALSE
	EndGlobalSection
	GlobalSection(ExtensibilityGlobals) = postSolution
		SolutionGuid = {C38996AA-D884-4344-9928-ABD3C23BBD39}
	EndGlobalSection
EndGlobal
